
Microsoft Visual Studio Solution File, Format Version 12.00
# Visual Studio Version 17
VisualStudioVersion = 17.14.36811.4
MinimumVisualStudioVersion = 10.0.40219.1
Project("{FAE04EC0-301F-11D3-BF4B-00C04F79EFBC}") = "DocumentReading.API", "src\DocumentReading.API\DocumentReading.API.csproj", "{A8CA486B-2BEB-447F-8503-C573F375D3DE}"
EndProject
Project("{FAE04EC0-301F-11D3-BF4B-00C04F79EFBC}") = "DocumentReading.Core", "src\DocumentReading.Core\DocumentReading.Core.csproj", "{CC20BEAA-03BD-4464-B4E6-AAEC7AD37761}"
EndProject
Project("{FAE04EC0-301F-11D3-BF4B-00C04F79EFBC}") = "DocumentReading.Data", "src\DocumentReading.Data\DocumentReading.Data.csproj", "{B008BE95-E176-4E6B-A33E-455319F5755E}"
EndProject
Project("{FAE04EC0-301F-11D3-BF4B-00C04F79EFBC}") = "DocumentReading.WebApp", "src\DocumentReading.WebApp\DocumentReading.WebApp.csproj", "{AC300D89-F903-411B-B4BA-79BE564B992F}"
EndProject
Global
	GlobalSection(SolutionConfigurationPlatforms) = preSolution
		Debug|Any CPU = Debug|Any CPU
		Release|Any CPU = Release|Any CPU
	EndGlobalSection
	GlobalSection(ProjectConfigurationPlatforms) = postSolution
		{A8CA486B-2BEB-447F-8503-C573F375D3DE}.Debug|Any CPU.ActiveCfg = Debug|Any CPU
		{A8CA486B-2BEB-447F-8503-C573F375D3DE}.Debug|Any CPU.Build.0 = Debug|Any CPU
		{A8CA486B-2BEB-447F-8503-C573F375D3DE}.Release|Any CPU.ActiveCfg = Release|Any CPU
		{A8CA486B-2BEB-447F-8503-C573F375D3DE}.Release|Any CPU.Build.0 = Release|Any CPU
		{CC20BEAA-03BD-4464-B4E6-AAEC7AD37761}.Debug|Any CPU.ActiveCfg = Debug|Any CPU
		{CC20BEAA-03BD-4464-B4E6-AAEC7AD37761}.Debug|Any CPU.Build.0 = Debug|Any CPU
		{CC20BEAA-03BD-4464-B4E6-AAEC7AD37761}.Release|Any CPU.ActiveCfg = Release|Any CPU
		{CC20BEAA-03BD-4464-B4E6-AAEC7AD37761}.Release|Any CPU.Build.0 = Release|Any CPU
		{B008BE95-E176-4E6B-A33E-455319F5755E}.Debug|Any CPU.ActiveCfg = Debug|Any CPU
		{B008BE95-E176-4E6B-A33E-455319F5755E}.Debug|Any CPU.Build.0 = Debug|Any CPU
		{B008BE95-E176-4E6B-A33E-455319F5755E}.Release|Any CPU.ActiveCfg = Release|Any CPU
		{B008BE95-E176-4E6B-A33E-455319F5755E}.Release|Any CPU.Build.0 = Release|Any CPU
		{AC300D89-F903-411B-B4BA-79BE564B992F}.Debug|Any CPU.ActiveCfg = Debug|Any CPU
		{AC300D89-F903-411B-B4BA-79BE564B992F}.Debug|Any CPU.Build.0 = Debug|Any CPU
		{AC300D89-F903-411B-B4BA-79BE564B992F}.Release|Any CPU.ActiveCfg = Release|Any CPU
		{AC300D89-F903-411B-B4BA-79BE564B992F}.Release|Any CPU.Build.0 = Release|Any CPU
	EndGlobalSection
	GlobalSection(SolutionProperties) = preSolution
		HideSolutionNode = FALSE
	EndGlobalSection
	GlobalSection(ExtensibilityGlobals) = postSolution
		SolutionGuid = {971A6D12-C607-47DF-B512-A4040C5BE1F4}
	EndGlobalSection
EndGlobal
